
Microsoft Visual Studio Solution File, Format Version 12.00
# Visual Studio 2012
Project("{FAE04EC0-301F-11D3-BF4B-00C04F79EFBC}") = "Cormorant", "Cormorant\Cormorant.csproj", "{F46413C6-E35A-4C57-9D6E-72216347F0FD}"
EndProject
Project("{FAE04EC0-301F-11D3-BF4B-00C04F79EFBC}") = "Cormorant.Test", "Cormorant.Test\Cormorant.Test.csproj", "{9FB138BE-A762-4CB2-83BC-DBA8DC9402F3}"
EndProject
Project("{FAE04EC0-301F-11D3-BF4B-00C04F79EFBC}") = "Cormorant.App", "Cormorant.App\Cormorant.App.csproj", "{6831531B-5827-4EAC-A013-641ECE55E3BB}"
EndProject
Global
	GlobalSection(SolutionConfigurationPlatforms) = preSolution
		Debug|Any CPU = Debug|Any CPU
		Release|Any CPU = Release|Any CPU
	EndGlobalSection
	GlobalSection(ProjectConfigurationPlatforms) = postSolution
		{F46413C6-E35A-4C57-9D6E-72216347F0FD}.Debug|Any CPU.ActiveCfg = Debug|Any CPU
		{F46413C6-E35A-4C57-9D6E-72216347F0FD}.Debug|Any CPU.Build.0 = Debug|Any CPU
		{F46413C6-E35A-4C57-9D6E-72216347F0FD}.Release|Any CPU.ActiveCfg = Release|Any CPU
		{F46413C6-E35A-4C57-9D6E-72216347F0FD}.Release|Any CPU.Build.0 = Release|Any CPU
		{9FB138BE-A762-4CB2-83BC-DBA8DC9402F3}.Debug|Any CPU.ActiveCfg = Debug|Any CPU
		{9FB138BE-A762-4CB2-83BC-DBA8DC9402F3}.Debug|Any CPU.Build.0 = Debug|Any CPU
		{9FB138BE-A762-4CB2-83BC-DBA8DC9402F3}.Release|Any CPU.ActiveCfg = Release|Any CPU
		{9FB138BE-A762-4CB2-83BC-DBA8DC9402F3}.Release|Any CPU.Build.0 = Release|Any CPU
		{6831531B-5827-4EAC-A013-641ECE55E3BB}.Debug|Any CPU.ActiveCfg = Debug|Any CPU
		{6831531B-5827-4EAC-A013-641ECE55E3BB}.Debug|Any CPU.Build.0 = Debug|Any CPU
		{6831531B-5827-4EAC-A013-641ECE55E3BB}.Release|Any CPU.ActiveCfg = Release|Any CPU
		{6831531B-5827-4EAC-A013-641ECE55E3BB}.Release|Any CPU.Build.0 = Release|Any CPU
	EndGlobalSection
	GlobalSection(SolutionProperties) = preSolution
		HideSolutionNode = FALSE
	EndGlobalSection
EndGlobal
